
Microsoft Visual Studio Solution File, Format Version 12.00
Project("{FAE04EC0-301F-11D3-BF4B-00C04F79EFBC}") = "SpecialNumber", "SpecialNumber\SpecialNumber.csproj", "{F4545589-319F-4325-AA7C-11799D7B83FE}"
EndProject
Global
	GlobalSection(SolutionConfigurationPlatforms) = preSolution
		Debug|Any CPU = Debug|Any CPU
		Release|Any CPU = Release|Any CPU
	EndGlobalSection
	GlobalSection(ProjectConfigurationPlatforms) = postSolution
		{F4545589-319F-4325-AA7C-11799D7B83FE}.Debug|Any CPU.ActiveCfg = Debug|Any CPU
		{F4545589-319F-4325-AA7C-11799D7B83FE}.Debug|Any CPU.Build.0 = Debug|Any CPU
		{F4545589-319F-4325-AA7C-11799D7B83FE}.Release|Any CPU.ActiveCfg = Release|Any CPU
		{F4545589-319F-4325-AA7C-11799D7B83FE}.Release|Any CPU.Build.0 = Release|Any CPU
	EndGlobalSection
EndGlobal
